
Microsoft Visual Studio Solution File, Format Version 12.00
# Visual Studio 15
VisualStudioVersion = 15.0.26403.7
MinimumVisualStudioVersion = 10.0.40219.1
Project("{FAE04EC0-301F-11D3-BF4B-00C04F79EFBC}") = "DataLogger", "DataLogger\DataLogger.csproj", "{35C4E477-4350-4800-8A21-3D4E87322BC4}"
EndProject
Project("{FAE04EC0-301F-11D3-BF4B-00C04F79EFBC}") = "DataLogger.Entities", "Entities\DataLogger.Entities.csproj", "{A0BF8886-67EE-4244-910D-222B14267B69}"
EndProject
Project("{FAE04EC0-301F-11D3-BF4B-00C04F79EFBC}") = "DataLogger.Data", "DataLogger.Data\DataLogger.Data.csproj", "{217EBB00-B4D9-4C92-804F-CDA2AAF72EAA}"
EndProject
Project("{FAE04EC0-301F-11D3-BF4B-00C04F79EFBC}") = "VerticalProgressBar", "VerticalProgressBar\VerticalProgressBar.csproj", "{69C48FB8-6FF1-467F-BDCA-D524CC544ACA}"
EndProject
Project("{FAE04EC0-301F-11D3-BF4B-00C04F79EFBC}") = "Protocol_v2", "DataCenterEmu\DataCenterEmu\Protocol_v2.csproj", "{A774F0FB-8FDC-43DF-BEFA-0BD50AA042B8}"
EndProject
Project("{2150E333-8FDC-42A3-9474-1A3956D46DE8}") = "lib", "lib", "{B2A097D0-D3DF-48D2-8B70-C436FBD01811}"
	ProjectSection(SolutionItems) = preProject
		Lib\ClosedXML.dll = Lib\ClosedXML.dll
	EndProjectSection
EndProject
Project("{FAE04EC0-301F-11D3-BF4B-00C04F79EFBC}") = "Protocol_v3", "Protocol_v3\Protocol_v3.csproj", "{D745F5B2-5579-4E0D-9A24-6002F012FFCB}"
EndProject
Project("{FAE04EC0-301F-11D3-BF4B-00C04F79EFBC}") = "DemoMultiClient", "DemoMultiClient\DemoMultiClient.csproj", "{A9FEB78D-966D-4BD4-9D00-237B79853D9A}"
EndProject
Project("{FAE04EC0-301F-11D3-BF4B-00C04F79EFBC}") = "DemoClient", "DemoClient\DemoClient.csproj", "{38FC716D-9AF8-4BF3-8E21-8C58871131FB}"
EndProject
Project("{FAE04EC0-301F-11D3-BF4B-00C04F79EFBC}") = "TCPClientTest", "TCPClientTest\TCPClientTest.csproj", "{32F2A1DD-AAD9-4B53-8FAF-975FD90B1809}"
EndProject
Project("{FAE04EC0-301F-11D3-BF4B-00C04F79EFBC}") = "WinformProtocol", "WinformProtocol\WinformProtocol.csproj", "{A1123B9F-A6B2-4425-935D-C30F3B3D8DF5}"
EndProject
Global
	GlobalSection(SolutionConfigurationPlatforms) = preSolution
		CD_ROM|Any CPU = CD_ROM|Any CPU
		CD_ROM|Mixed Platforms = CD_ROM|Mixed Platforms
		CD_ROM|x86 = CD_ROM|x86
		Debug|Any CPU = Debug|Any CPU
		Debug|Mixed Platforms = Debug|Mixed Platforms
		Debug|x86 = Debug|x86
		DVD-5|Any CPU = DVD-5|Any CPU
		DVD-5|Mixed Platforms = DVD-5|Mixed Platforms
		DVD-5|x86 = DVD-5|x86
		Release|Any CPU = Release|Any CPU
		Release|Mixed Platforms = Release|Mixed Platforms
		Release|x86 = Release|x86
		SingleImage|Any CPU = SingleImage|Any CPU
		SingleImage|Mixed Platforms = SingleImage|Mixed Platforms
		SingleImage|x86 = SingleImage|x86
	EndGlobalSection
	GlobalSection(ProjectConfigurationPlatforms) = postSolution
		{35C4E477-4350-4800-8A21-3D4E87322BC4}.CD_ROM|Any CPU.ActiveCfg = Release|x86
		{35C4E477-4350-4800-8A21-3D4E87322BC4}.CD_ROM|Mixed Platforms.ActiveCfg = Release|x86
		{35C4E477-4350-4800-8A21-3D4E87322BC4}.CD_ROM|Mixed Platforms.Build.0 = Release|x86
		{35C4E477-4350-4800-8A21-3D4E87322BC4}.CD_ROM|x86.ActiveCfg = Release|x86
		{35C4E477-4350-4800-8A21-3D4E87322BC4}.CD_ROM|x86.Build.0 = Release|x86
		{35C4E477-4350-4800-8A21-3D4E87322BC4}.Debug|Any CPU.ActiveCfg = Debug|x86
		{35C4E477-4350-4800-8A21-3D4E87322BC4}.Debug|Any CPU.Build.0 = Debug|x86
		{35C4E477-4350-4800-8A21-3D4E87322BC4}.Debug|Mixed Platforms.ActiveCfg = Debug|x86
		{35C4E477-4350-4800-8A21-3D4E87322BC4}.Debug|Mixed Platforms.Build.0 = Debug|x86
		{35C4E477-4350-4800-8A21-3D4E87322BC4}.Debug|x86.ActiveCfg = Debug|x86
		{35C4E477-4350-4800-8A21-3D4E87322BC4}.Debug|x86.Build.0 = Debug|x86
		{35C4E477-4350-4800-8A21-3D4E87322BC4}.DVD-5|Any CPU.ActiveCfg = Debug|x86
		{35C4E477-4350-4800-8A21-3D4E87322BC4}.DVD-5|Mixed Platforms.ActiveCfg = Debug|x86
		{35C4E477-4350-4800-8A21-3D4E87322BC4}.DVD-5|Mixed Platforms.Build.0 = Debug|x86
		{35C4E477-4350-4800-8A21-3D4E87322BC4}.DVD-5|x86.ActiveCfg = Debug|x86
		{35C4E477-4350-4800-8A21-3D4E87322BC4}.DVD-5|x86.Build.0 = Debug|x86
		{35C4E477-4350-4800-8A21-3D4E87322BC4}.Release|Any CPU.ActiveCfg = Release|x86
		{35C4E477-4350-4800-8A21-3D4E87322BC4}.Release|Mixed Platforms.ActiveCfg = Release|x86
		{35C4E477-4350-4800-8A21-3D4E87322BC4}.Release|Mixed Platforms.Build.0 = Release|x86
		{35C4E477-4350-4800-8A21-3D4E87322BC4}.Release|x86.ActiveCfg = Release|x86
		{35C4E477-4350-4800-8A21-3D4E87322BC4}.Release|x86.Build.0 = Release|x86
		{35C4E477-4350-4800-8A21-3D4E87322BC4}.SingleImage|Any CPU.ActiveCfg = Release|x86
		{35C4E477-4350-4800-8A21-3D4E87322BC4}.SingleImage|Mixed Platforms.ActiveCfg = Release|x86
		{35C4E477-4350-4800-8A21-3D4E87322BC4}.SingleImage|Mixed Platforms.Build.0 = Release|x86
		{35C4E477-4350-4800-8A21-3D4E87322BC4}.SingleImage|x86.ActiveCfg = Release|x86
		{35C4E477-4350-4800-8A21-3D4E87322BC4}.SingleImage|x86.Build.0 = Release|x86
		{A0BF8886-67EE-4244-910D-222B14267B69}.CD_ROM|Any CPU.ActiveCfg = Release|Any CPU
		{A0BF8886-67EE-4244-910D-222B14267B69}.CD_ROM|Any CPU.Build.0 = Release|Any CPU
		{A0BF8886-67EE-4244-910D-222B14267B69}.CD_ROM|Mixed Platforms.ActiveCfg = Release|Any CPU
		{A0BF8886-67EE-4244-910D-222B14267B69}.CD_ROM|Mixed Platforms.Build.0 = Release|Any CPU
		{A0BF8886-67EE-4244-910D-222B14267B69}.CD_ROM|x86.ActiveCfg = Release|Any CPU
		{A0BF8886-67EE-4244-910D-222B14267B69}.Debug|Any CPU.ActiveCfg = Debug|Any CPU
		{A0BF8886-67EE-4244-910D-222B14267B69}.Debug|Any CPU.Build.0 = Debug|Any CPU
		{A0BF8886-67EE-4244-910D-222B14267B69}.Debug|Mixed Platforms.ActiveCfg = Debug|Any CPU
		{A0BF8886-67EE-4244-910D-222B14267B69}.Debug|Mixed Platforms.Build.0 = Debug|Any CPU
		{A0BF8886-67EE-4244-910D-222B14267B69}.Debug|x86.ActiveCfg = Debug|Any CPU
		{A0BF8886-67EE-4244-910D-222B14267B69}.DVD-5|Any CPU.ActiveCfg = Debug|Any CPU
		{A0BF8886-67EE-4244-910D-222B14267B69}.DVD-5|Any CPU.Build.0 = Debug|Any CPU
		{A0BF8886-67EE-4244-910D-222B14267B69}.DVD-5|Mixed Platforms.ActiveCfg = Debug|Any CPU
		{A0BF8886-67EE-4244-910D-222B14267B69}.DVD-5|Mixed Platforms.Build.0 = Debug|Any CPU
		{A0BF8886-67EE-4244-910D-222B14267B69}.DVD-5|x86.ActiveCfg = Debug|Any CPU
		{A0BF8886-67EE-4244-910D-222B14267B69}.Release|Any CPU.ActiveCfg = Release|Any CPU
		{A0BF8886-67EE-4244-910D-222B14267B69}.Release|Any CPU.Build.0 = Release|Any CPU
		{A0BF8886-67EE-4244-910D-222B14267B69}.Release|Mixed Platforms.ActiveCfg = Release|Any CPU
		{A0BF8886-67EE-4244-910D-222B14267B69}.Release|Mixed Platforms.Build.0 = Release|Any CPU
		{A0BF8886-67EE-4244-910D-222B14267B69}.Release|x86.ActiveCfg = Release|Any CPU
		{A0BF8886-67EE-4244-910D-222B14267B69}.SingleImage|Any CPU.ActiveCfg = Release|Any CPU
		{A0BF8886-67EE-4244-910D-222B14267B69}.SingleImage|Any CPU.Build.0 = Release|Any CPU
		{A0BF8886-67EE-4244-910D-222B14267B69}.SingleImage|Mixed Platforms.ActiveCfg = Release|Any CPU
		{A0BF8886-67EE-4244-910D-222B14267B69}.SingleImage|Mixed Platforms.Build.0 = Release|Any CPU
		{A0BF8886-67EE-4244-910D-222B14267B69}.SingleImage|x86.ActiveCfg = Release|Any CPU
		{217EBB00-B4D9-4C92-804F-CDA2AAF72EAA}.CD_ROM|Any CPU.ActiveCfg = Release|Any CPU
		{217EBB00-B4D9-4C92-804F-CDA2AAF72EAA}.CD_ROM|Any CPU.Build.0 = Release|Any CPU
		{217EBB00-B4D9-4C92-804F-CDA2AAF72EAA}.CD_ROM|Mixed Platforms.ActiveCfg = Release|Any CPU
		{217EBB00-B4D9-4C92-804F-CDA2AAF72EAA}.CD_ROM|Mixed Platforms.Build.0 = Release|Any CPU
		{217EBB00-B4D9-4C92-804F-CDA2AAF72EAA}.CD_ROM|x86.ActiveCfg = Release|Any CPU
		{217EBB00-B4D9-4C92-804F-CDA2AAF72EAA}.Debug|Any CPU.ActiveCfg = Debug|Any CPU
		{217EBB00-B4D9-4C92-804F-CDA2AAF72EAA}.Debug|Any CPU.Build.0 = Debug|Any CPU
		{217EBB00-B4D9-4C92-804F-CDA2AAF72EAA}.Debug|Mixed Platforms.ActiveCfg = Debug|Any CPU
		{217EBB00-B4D9-4C92-804F-CDA2AAF72EAA}.Debug|Mixed Platforms.Build.0 = Debug|Any CPU
		{217EBB00-B4D9-4C92-804F-CDA2AAF72EAA}.Debug|x86.ActiveCfg = Debug|Any CPU
		{217EBB00-B4D9-4C92-804F-CDA2AAF72EAA}.DVD-5|Any CPU.ActiveCfg = Debug|Any CPU
		{217EBB00-B4D9-4C92-804F-CDA2AAF72EAA}.DVD-5|Any CPU.Build.0 = Debug|Any CPU
		{217EBB00-B4D9-4C92-804F-CDA2AAF72EAA}.DVD-5|Mixed Platforms.ActiveCfg = Debug|Any CPU
		{217EBB00-B4D9-4C92-804F-CDA2AAF72EAA}.DVD-5|Mixed Platforms.Build.0 = Debug|Any CPU
		{217EBB00-B4D9-4C92-804F-CDA2AAF72EAA}.DVD-5|x86.ActiveCfg = Debug|Any CPU
		{217EBB00-B4D9-4C92-804F-CDA2AAF72EAA}.Release|Any CPU.ActiveCfg = Release|Any CPU
		{217EBB00-B4D9-4C92-804F-CDA2AAF72EAA}.Release|Any CPU.Build.0 = Release|Any CPU
		{217EBB00-B4D9-4C92-804F-CDA2AAF72EAA}.Release|Mixed Platforms.ActiveCfg = Release|Any CPU
		{217EBB00-B4D9-4C92-804F-CDA2AAF72EAA}.Release|Mixed Platforms.Build.0 = Release|Any CPU
		{217EBB00-B4D9-4C92-804F-CDA2AAF72EAA}.Release|x86.ActiveCfg = Release|Any CPU
		{217EBB00-B4D9-4C92-804F-CDA2AAF72EAA}.SingleImage|Any CPU.ActiveCfg = Release|Any CPU
		{217EBB00-B4D9-4C92-804F-CDA2AAF72EAA}.SingleImage|Any CPU.Build.0 = Release|Any CPU
		{217EBB00-B4D9-4C92-804F-CDA2AAF72EAA}.SingleImage|Mixed Platforms.ActiveCfg = Release|Any CPU
		{217EBB00-B4D9-4C92-804F-CDA2AAF72EAA}.SingleImage|Mixed Platforms.Build.0 = Release|Any CPU
		{217EBB00-B4D9-4C92-804F-CDA2AAF72EAA}.SingleImage|x86.ActiveCfg = Release|Any CPU
		{69C48FB8-6FF1-467F-BDCA-D524CC544ACA}.CD_ROM|Any CPU.ActiveCfg = Release|Any CPU
		{69C48FB8-6FF1-467F-BDCA-D524CC544ACA}.CD_ROM|Any CPU.Build.0 = Release|Any CPU
		{69C48FB8-6FF1-467F-BDCA-D524CC544ACA}.CD_ROM|Mixed Platforms.ActiveCfg = Release|Any CPU
		{69C48FB8-6FF1-467F-BDCA-D524CC544ACA}.CD_ROM|Mixed Platforms.Build.0 = Release|Any CPU
		{69C48FB8-6FF1-467F-BDCA-D524CC544ACA}.CD_ROM|x86.ActiveCfg = Release|Any CPU
		{69C48FB8-6FF1-467F-BDCA-D524CC544ACA}.Debug|Any CPU.ActiveCfg = Debug|Any CPU
		{69C48FB8-6FF1-467F-BDCA-D524CC544ACA}.Debug|Any CPU.Build.0 = Debug|Any CPU
		{69C48FB8-6FF1-467F-BDCA-D524CC544ACA}.Debug|Mixed Platforms.ActiveCfg = Debug|Any CPU
		{69C48FB8-6FF1-467F-BDCA-D524CC544ACA}.Debug|Mixed Platforms.Build.0 = Debug|Any CPU
		{69C48FB8-6FF1-467F-BDCA-D524CC544ACA}.Debug|x86.ActiveCfg = Debug|Any CPU
		{69C48FB8-6FF1-467F-BDCA-D524CC544ACA}.DVD-5|Any CPU.ActiveCfg = Debug|Any CPU
		{69C48FB8-6FF1-467F-BDCA-D524CC544ACA}.DVD-5|Any CPU.Build.0 = Debug|Any CPU
		{69C48FB8-6FF1-467F-BDCA-D524CC544ACA}.DVD-5|Mixed Platforms.ActiveCfg = Debug|Any CPU
		{69C48FB8-6FF1-467F-BDCA-D524CC544ACA}.DVD-5|Mixed Platforms.Build.0 = Debug|Any CPU
		{69C48FB8-6FF1-467F-BDCA-D524CC544ACA}.DVD-5|x86.ActiveCfg = Debug|Any CPU
		{69C48FB8-6FF1-467F-BDCA-D524CC544ACA}.Release|Any CPU.ActiveCfg = Release|Any CPU
		{69C48FB8-6FF1-467F-BDCA-D524CC544ACA}.Release|Any CPU.Build.0 = Release|Any CPU
		{69C48FB8-6FF1-467F-BDCA-D524CC544ACA}.Release|Mixed Platforms.ActiveCfg = Release|Any CPU
		{69C48FB8-6FF1-467F-BDCA-D524CC544ACA}.Release|Mixed Platforms.Build.0 = Release|Any CPU
		{69C48FB8-6FF1-467F-BDCA-D524CC544ACA}.Release|x86.ActiveCfg = Release|Any CPU
		{69C48FB8-6FF1-467F-BDCA-D524CC544ACA}.SingleImage|Any CPU.ActiveCfg = Release|Any CPU
		{69C48FB8-6FF1-467F-BDCA-D524CC544ACA}.SingleImage|Any CPU.Build.0 = Release|Any CPU
		{69C48FB8-6FF1-467F-BDCA-D524CC544ACA}.SingleImage|Mixed Platforms.ActiveCfg = Release|Any CPU
		{69C48FB8-6FF1-467F-BDCA-D524CC544ACA}.SingleImage|Mixed Platforms.Build.0 = Release|Any CPU
		{69C48FB8-6FF1-467F-BDCA-D524CC544ACA}.SingleImage|x86.ActiveCfg = Release|Any CPU
		{A774F0FB-8FDC-43DF-BEFA-0BD50AA042B8}.CD_ROM|Any CPU.ActiveCfg = Release|Any CPU
		{A774F0FB-8FDC-43DF-BEFA-0BD50AA042B8}.CD_ROM|Any CPU.Build.0 = Release|Any CPU
		{A774F0FB-8FDC-43DF-BEFA-0BD50AA042B8}.CD_ROM|Mixed Platforms.ActiveCfg = Release|Any CPU
		{A774F0FB-8FDC-43DF-BEFA-0BD50AA042B8}.CD_ROM|Mixed Platforms.Build.0 = Release|Any CPU
		{A774F0FB-8FDC-43DF-BEFA-0BD50AA042B8}.CD_ROM|x86.ActiveCfg = Release|Any CPU
		{A774F0FB-8FDC-43DF-BEFA-0BD50AA042B8}.Debug|Any CPU.ActiveCfg = Debug|Any CPU
		{A774F0FB-8FDC-43DF-BEFA-0BD50AA042B8}.Debug|Any CPU.Build.0 = Debug|Any CPU
		{A774F0FB-8FDC-43DF-BEFA-0BD50AA042B8}.Debug|Mixed Platforms.ActiveCfg = Debug|Any CPU
		{A774F0FB-8FDC-43DF-BEFA-0BD50AA042B8}.Debug|Mixed Platforms.Build.0 = Debug|Any CPU
		{A774F0FB-8FDC-43DF-BEFA-0BD50AA042B8}.Debug|x86.ActiveCfg = Debug|Any CPU
		{A774F0FB-8FDC-43DF-BEFA-0BD50AA042B8}.DVD-5|Any CPU.ActiveCfg = Debug|Any CPU
		{A774F0FB-8FDC-43DF-BEFA-0BD50AA042B8}.DVD-5|Any CPU.Build.0 = Debug|Any CPU
		{A774F0FB-8FDC-43DF-BEFA-0BD50AA042B8}.DVD-5|Mixed Platforms.ActiveCfg = Debug|Any CPU
		{A774F0FB-8FDC-43DF-BEFA-0BD50AA042B8}.DVD-5|Mixed Platforms.Build.0 = Debug|Any CPU
		{A774F0FB-8FDC-43DF-BEFA-0BD50AA042B8}.DVD-5|x86.ActiveCfg = Debug|Any CPU
		{A774F0FB-8FDC-43DF-BEFA-0BD50AA042B8}.Release|Any CPU.ActiveCfg = Release|Any CPU
		{A774F0FB-8FDC-43DF-BEFA-0BD50AA042B8}.Release|Any CPU.Build.0 = Release|Any CPU
		{A774F0FB-8FDC-43DF-BEFA-0BD50AA042B8}.Release|Mixed Platforms.ActiveCfg = Release|Any CPU
		{A774F0FB-8FDC-43DF-BEFA-0BD50AA042B8}.Release|Mixed Platforms.Build.0 = Release|Any CPU
		{A774F0FB-8FDC-43DF-BEFA-0BD50AA042B8}.Release|x86.ActiveCfg = Release|Any CPU
		{A774F0FB-8FDC-43DF-BEFA-0BD50AA042B8}.SingleImage|Any CPU.ActiveCfg = Release|Any CPU
		{A774F0FB-8FDC-43DF-BEFA-0BD50AA042B8}.SingleImage|Any CPU.Build.0 = Release|Any CPU
		{A774F0FB-8FDC-43DF-BEFA-0BD50AA042B8}.SingleImage|Mixed Platforms.ActiveCfg = Release|Any CPU
		{A774F0FB-8FDC-43DF-BEFA-0BD50AA042B8}.SingleImage|Mixed Platforms.Build.0 = Release|Any CPU
		{A774F0FB-8FDC-43DF-BEFA-0BD50AA042B8}.SingleImage|x86.ActiveCfg = Release|Any CPU
		{D745F5B2-5579-4E0D-9A24-6002F012FFCB}.CD_ROM|Any CPU.ActiveCfg = Release|Any CPU
		{D745F5B2-5579-4E0D-9A24-6002F012FFCB}.CD_ROM|Any CPU.Build.0 = Release|Any CPU
		{D745F5B2-5579-4E0D-9A24-6002F012FFCB}.CD_ROM|Mixed Platforms.ActiveCfg = Release|Any CPU
		{D745F5B2-5579-4E0D-9A24-6002F012FFCB}.CD_ROM|Mixed Platforms.Build.0 = Release|Any CPU
		{D745F5B2-5579-4E0D-9A24-6002F012FFCB}.CD_ROM|x86.ActiveCfg = Release|Any CPU
		{D745F5B2-5579-4E0D-9A24-6002F012FFCB}.CD_ROM|x86.Build.0 = Release|Any CPU
		{D745F5B2-5579-4E0D-9A24-6002F012FFCB}.Debug|Any CPU.ActiveCfg = Debug|Any CPU
		{D745F5B2-5579-4E0D-9A24-6002F012FFCB}.Debug|Any CPU.Build.0 = Debug|Any CPU
		{D745F5B2-5579-4E0D-9A24-6002F012FFCB}.Debug|Mixed Platforms.ActiveCfg = Debug|Any CPU
		{D745F5B2-5579-4E0D-9A24-6002F012FFCB}.Debug|Mixed Platforms.Build.0 = Debug|Any CPU
		{D745F5B2-5579-4E0D-9A24-6002F012FFCB}.Debug|x86.ActiveCfg = Debug|Any CPU
		{D745F5B2-5579-4E0D-9A24-6002F012FFCB}.Debug|x86.Build.0 = Debug|Any CPU
		{D745F5B2-5579-4E0D-9A24-6002F012FFCB}.DVD-5|Any CPU.ActiveCfg = Debug|Any CPU
		{D745F5B2-5579-4E0D-9A24-6002F012FFCB}.DVD-5|Any CPU.Build.0 = Debug|Any CPU
		{D745F5B2-5579-4E0D-9A24-6002F012FFCB}.DVD-5|Mixed Platforms.ActiveCfg = Debug|Any CPU
		{D745F5B2-5579-4E0D-9A24-6002F012FFCB}.DVD-5|Mixed Platforms.Build.0 = Debug|Any CPU
		{D745F5B2-5579-4E0D-9A24-6002F012FFCB}.DVD-5|x86.ActiveCfg = Debug|Any CPU
		{D745F5B2-5579-4E0D-9A24-6002F012FFCB}.DVD-5|x86.Build.0 = Debug|Any CPU
		{D745F5B2-5579-4E0D-9A24-6002F012FFCB}.Release|Any CPU.ActiveCfg = Release|Any CPU
		{D745F5B2-5579-4E0D-9A24-6002F012FFCB}.Release|Any CPU.Build.0 = Release|Any CPU
		{D745F5B2-5579-4E0D-9A24-6002F012FFCB}.Release|Mixed Platforms.ActiveCfg = Release|Any CPU
		{D745F5B2-5579-4E0D-9A24-6002F012FFCB}.Release|Mixed Platforms.Build.0 = Release|Any CPU
		{D745F5B2-5579-4E0D-9A24-6002F012FFCB}.Release|x86.ActiveCfg = Release|Any CPU
		{D745F5B2-5579-4E0D-9A24-6002F012FFCB}.Release|x86.Build.0 = Release|Any CPU
		{D745F5B2-5579-4E0D-9A24-6002F012FFCB}.SingleImage|Any CPU.ActiveCfg = Release|Any CPU
		{D745F5B2-5579-4E0D-9A24-6002F012FFCB}.SingleImage|Any CPU.Build.0 = Release|Any CPU
		{D745F5B2-5579-4E0D-9A24-6002F012FFCB}.SingleImage|Mixed Platforms.ActiveCfg = Release|Any CPU
		{D745F5B2-5579-4E0D-9A24-6002F012FFCB}.SingleImage|Mixed Platforms.Build.0 = Release|Any CPU
		{D745F5B2-5579-4E0D-9A24-6002F012FFCB}.SingleImage|x86.ActiveCfg = Release|Any CPU
		{D745F5B2-5579-4E0D-9A24-6002F012FFCB}.SingleImage|x86.Build.0 = Release|Any CPU
		{A9FEB78D-966D-4BD4-9D00-237B79853D9A}.CD_ROM|Any CPU.ActiveCfg = Release|Any CPU
		{A9FEB78D-966D-4BD4-9D00-237B79853D9A}.CD_ROM|Any CPU.Build.0 = Release|Any CPU
		{A9FEB78D-966D-4BD4-9D00-237B79853D9A}.CD_ROM|Mixed Platforms.ActiveCfg = Release|Any CPU
		{A9FEB78D-966D-4BD4-9D00-237B79853D9A}.CD_ROM|Mixed Platforms.Build.0 = Release|Any CPU
		{A9FEB78D-966D-4BD4-9D00-237B79853D9A}.CD_ROM|x86.ActiveCfg = Release|Any CPU
		{A9FEB78D-966D-4BD4-9D00-237B79853D9A}.CD_ROM|x86.Build.0 = Release|Any CPU
		{A9FEB78D-966D-4BD4-9D00-237B79853D9A}.Debug|Any CPU.ActiveCfg = Debug|Any CPU
		{A9FEB78D-966D-4BD4-9D00-237B79853D9A}.Debug|Any CPU.Build.0 = Debug|Any CPU
		{A9FEB78D-966D-4BD4-9D00-237B79853D9A}.Debug|Mixed Platforms.ActiveCfg = Debug|Any CPU
		{A9FEB78D-966D-4BD4-9D00-237B79853D9A}.Debug|Mixed Platforms.Build.0 = Debug|Any CPU
		{A9FEB78D-966D-4BD4-9D00-237B79853D9A}.Debug|x86.ActiveCfg = Debug|Any CPU
		{A9FEB78D-966D-4BD4-9D00-237B79853D9A}.Debug|x86.Build.0 = Debug|Any CPU
		{A9FEB78D-966D-4BD4-9D00-237B79853D9A}.DVD-5|Any CPU.ActiveCfg = Debug|Any CPU
		{A9FEB78D-966D-4BD4-9D00-237B79853D9A}.DVD-5|Any CPU.Build.0 = Debug|Any CPU
		{A9FEB78D-966D-4BD4-9D00-237B79853D9A}.DVD-5|Mixed Platforms.ActiveCfg = Debug|Any CPU
		{A9FEB78D-966D-4BD4-9D00-237B79853D9A}.DVD-5|Mixed Platforms.Build.0 = Debug|Any CPU
		{A9FEB78D-966D-4BD4-9D00-237B79853D9A}.DVD-5|x86.ActiveCfg = Debug|Any CPU
		{A9FEB78D-966D-4BD4-9D00-237B79853D9A}.DVD-5|x86.Build.0 = Debug|Any CPU
		{A9FEB78D-966D-4BD4-9D00-237B79853D9A}.Release|Any CPU.ActiveCfg = Release|Any CPU
		{A9FEB78D-966D-4BD4-9D00-237B79853D9A}.Release|Any CPU.Build.0 = Release|Any CPU
		{A9FEB78D-966D-4BD4-9D00-237B79853D9A}.Release|Mixed Platforms.ActiveCfg = Release|Any CPU
		{A9FEB78D-966D-4BD4-9D00-237B79853D9A}.Release|Mixed Platforms.Build.0 = Release|Any CPU
		{A9FEB78D-966D-4BD4-9D00-237B79853D9A}.Release|x86.ActiveCfg = Release|Any CPU
		{A9FEB78D-966D-4BD4-9D00-237B79853D9A}.Release|x86.Build.0 = Release|Any CPU
		{A9FEB78D-966D-4BD4-9D00-237B79853D9A}.SingleImage|Any CPU.ActiveCfg = Release|Any CPU
		{A9FEB78D-966D-4BD4-9D00-237B79853D9A}.SingleImage|Any CPU.Build.0 = Release|Any CPU
		{A9FEB78D-966D-4BD4-9D00-237B79853D9A}.SingleImage|Mixed Platforms.ActiveCfg = Release|Any CPU
		{A9FEB78D-966D-4BD4-9D00-237B79853D9A}.SingleImage|Mixed Platforms.Build.0 = Release|Any CPU
		{A9FEB78D-966D-4BD4-9D00-237B79853D9A}.SingleImage|x86.ActiveCfg = Release|Any CPU
		{A9FEB78D-966D-4BD4-9D00-237B79853D9A}.SingleImage|x86.Build.0 = Release|Any CPU
		{38FC716D-9AF8-4BF3-8E21-8C58871131FB}.CD_ROM|Any CPU.ActiveCfg = Release|Any CPU
		{38FC716D-9AF8-4BF3-8E21-8C58871131FB}.CD_ROM|Any CPU.Build.0 = Release|Any CPU
		{38FC716D-9AF8-4BF3-8E21-8C58871131FB}.CD_ROM|Mixed Platforms.ActiveCfg = Release|Any CPU
		{38FC716D-9AF8-4BF3-8E21-8C58871131FB}.CD_ROM|Mixed Platforms.Build.0 = Release|Any CPU
		{38FC716D-9AF8-4BF3-8E21-8C58871131FB}.CD_ROM|x86.ActiveCfg = Release|Any CPU
		{38FC716D-9AF8-4BF3-8E21-8C58871131FB}.CD_ROM|x86.Build.0 = Release|Any CPU
		{38FC716D-9AF8-4BF3-8E21-8C58871131FB}.Debug|Any CPU.ActiveCfg = Debug|Any CPU
		{38FC716D-9AF8-4BF3-8E21-8C58871131FB}.Debug|Any CPU.Build.0 = Debug|Any CPU
		{38FC716D-9AF8-4BF3-8E21-8C58871131FB}.Debug|Mixed Platforms.ActiveCfg = Debug|Any CPU
		{38FC716D-9AF8-4BF3-8E21-8C58871131FB}.Debug|Mixed Platforms.Build.0 = Debug|Any CPU
		{38FC716D-9AF8-4BF3-8E21-8C58871131FB}.Debug|x86.ActiveCfg = Debug|Any CPU
		{38FC716D-9AF8-4BF3-8E21-8C58871131FB}.Debug|x86.Build.0 = Debug|Any CPU
		{38FC716D-9AF8-4BF3-8E21-8C58871131FB}.DVD-5|Any CPU.ActiveCfg = Debug|Any CPU
		{38FC716D-9AF8-4BF3-8E21-8C58871131FB}.DVD-5|Any CPU.Build.0 = Debug|Any CPU
		{38FC716D-9AF8-4BF3-8E21-8C58871131FB}.DVD-5|Mixed Platforms.ActiveCfg = Debug|Any CPU
		{38FC716D-9AF8-4BF3-8E21-8C58871131FB}.DVD-5|Mixed Platforms.Build.0 = Debug|Any CPU
		{38FC716D-9AF8-4BF3-8E21-8C58871131FB}.DVD-5|x86.ActiveCfg = Debug|Any CPU
		{38FC716D-9AF8-4BF3-8E21-8C58871131FB}.DVD-5|x86.Build.0 = Debug|Any CPU
		{38FC716D-9AF8-4BF3-8E21-8C58871131FB}.Release|Any CPU.ActiveCfg = Release|Any CPU
		{38FC716D-9AF8-4BF3-8E21-8C58871131FB}.Release|Any CPU.Build.0 = Release|Any CPU
		{38FC716D-9AF8-4BF3-8E21-8C58871131FB}.Release|Mixed Platforms.ActiveCfg = Release|Any CPU
		{38FC716D-9AF8-4BF3-8E21-8C58871131FB}.Release|Mixed Platforms.Build.0 = Release|Any CPU
		{38FC716D-9AF8-4BF3-8E21-8C58871131FB}.Release|x86.ActiveCfg = Release|Any CPU
		{38FC716D-9AF8-4BF3-8E21-8C58871131FB}.Release|x86.Build.0 = Release|Any CPU
		{38FC716D-9AF8-4BF3-8E21-8C58871131FB}.SingleImage|Any CPU.ActiveCfg = Release|Any CPU
		{38FC716D-9AF8-4BF3-8E21-8C58871131FB}.SingleImage|Any CPU.Build.0 = Release|Any CPU
		{38FC716D-9AF8-4BF3-8E21-8C58871131FB}.SingleImage|Mixed Platforms.ActiveCfg = Release|Any CPU
		{38FC716D-9AF8-4BF3-8E21-8C58871131FB}.SingleImage|Mixed Platforms.Build.0 = Release|Any CPU
		{38FC716D-9AF8-4BF3-8E21-8C58871131FB}.SingleImage|x86.ActiveCfg = Release|Any CPU
		{38FC716D-9AF8-4BF3-8E21-8C58871131FB}.SingleImage|x86.Build.0 = Release|Any CPU
		{32F2A1DD-AAD9-4B53-8FAF-975FD90B1809}.CD_ROM|Any CPU.ActiveCfg = Release|Any CPU
		{32F2A1DD-AAD9-4B53-8FAF-975FD90B1809}.CD_ROM|Any CPU.Build.0 = Release|Any CPU
		{32F2A1DD-AAD9-4B53-8FAF-975FD90B1809}.CD_ROM|Mixed Platforms.ActiveCfg = Release|Any CPU
		{32F2A1DD-AAD9-4B53-8FAF-975FD90B1809}.CD_ROM|Mixed Platforms.Build.0 = Release|Any CPU
		{32F2A1DD-AAD9-4B53-8FAF-975FD90B1809}.CD_ROM|x86.ActiveCfg = Release|Any CPU
		{32F2A1DD-AAD9-4B53-8FAF-975FD90B1809}.CD_ROM|x86.Build.0 = Release|Any CPU
		{32F2A1DD-AAD9-4B53-8FAF-975FD90B1809}.Debug|Any CPU.ActiveCfg = Debug|Any CPU
		{32F2A1DD-AAD9-4B53-8FAF-975FD90B1809}.Debug|Any CPU.Build.0 = Debug|Any CPU
		{32F2A1DD-AAD9-4B53-8FAF-975FD90B1809}.Debug|Mixed Platforms.ActiveCfg = Debug|Any CPU
		{32F2A1DD-AAD9-4B53-8FAF-975FD90B1809}.Debug|Mixed Platforms.Build.0 = Debug|Any CPU
		{32F2A1DD-AAD9-4B53-8FAF-975FD90B1809}.Debug|x86.ActiveCfg = Debug|Any CPU
		{32F2A1DD-AAD9-4B53-8FAF-975FD90B1809}.Debug|x86.Build.0 = Debug|Any CPU
		{32F2A1DD-AAD9-4B53-8FAF-975FD90B1809}.DVD-5|Any CPU.ActiveCfg = Debug|Any CPU
		{32F2A1DD-AAD9-4B53-8FAF-975FD90B1809}.DVD-5|Any CPU.Build.0 = Debug|Any CPU
		{32F2A1DD-AAD9-4B53-8FAF-975FD90B1809}.DVD-5|Mixed Platforms.ActiveCfg = Debug|Any CPU
		{32F2A1DD-AAD9-4B53-8FAF-975FD90B1809}.DVD-5|Mixed Platforms.Build.0 = Debug|Any CPU
		{32F2A1DD-AAD9-4B53-8FAF-975FD90B1809}.DVD-5|x86.ActiveCfg = Debug|Any CPU
		{32F2A1DD-AAD9-4B53-8FAF-975FD90B1809}.DVD-5|x86.Build.0 = Debug|Any CPU
		{32F2A1DD-AAD9-4B53-8FAF-975FD90B1809}.Release|Any CPU.ActiveCfg = Release|Any CPU
		{32F2A1DD-AAD9-4B53-8FAF-975FD90B1809}.Release|Any CPU.Build.0 = Release|Any CPU
		{32F2A1DD-AAD9-4B53-8FAF-975FD90B1809}.Release|Mixed Platforms.ActiveCfg = Release|Any CPU
		{32F2A1DD-AAD9-4B53-8FAF-975FD90B1809}.Release|Mixed Platforms.Build.0 = Release|Any CPU
		{32F2A1DD-AAD9-4B53-8FAF-975FD90B1809}.Release|x86.ActiveCfg = Release|Any CPU
		{32F2A1DD-AAD9-4B53-8FAF-975FD90B1809}.Release|x86.Build.0 = Release|Any CPU
		{32F2A1DD-AAD9-4B53-8FAF-975FD90B1809}.SingleImage|Any CPU.ActiveCfg = Release|Any CPU
		{32F2A1DD-AAD9-4B53-8FAF-975FD90B1809}.SingleImage|Any CPU.Build.0 = Release|Any CPU
		{32F2A1DD-AAD9-4B53-8FAF-975FD90B1809}.SingleImage|Mixed Platforms.ActiveCfg = Release|Any CPU
		{32F2A1DD-AAD9-4B53-8FAF-975FD90B1809}.SingleImage|Mixed Platforms.Build.0 = Release|Any CPU
		{32F2A1DD-AAD9-4B53-8FAF-975FD90B1809}.SingleImage|x86.ActiveCfg = Release|Any CPU
		{32F2A1DD-AAD9-4B53-8FAF-975FD90B1809}.SingleImage|x86.Build.0 = Release|Any CPU
		{A1123B9F-A6B2-4425-935D-C30F3B3D8DF5}.CD_ROM|Any CPU.ActiveCfg = Release|Any CPU
		{A1123B9F-A6B2-4425-935D-C30F3B3D8DF5}.CD_ROM|Any CPU.Build.0 = Release|Any CPU
		{A1123B9F-A6B2-4425-935D-C30F3B3D8DF5}.CD_ROM|Mixed Platforms.ActiveCfg = Release|Any CPU
		{A1123B9F-A6B2-4425-935D-C30F3B3D8DF5}.CD_ROM|Mixed Platforms.Build.0 = Release|Any CPU
		{A1123B9F-A6B2-4425-935D-C30F3B3D8DF5}.CD_ROM|x86.ActiveCfg = Release|Any CPU
		{A1123B9F-A6B2-4425-935D-C30F3B3D8DF5}.CD_ROM|x86.Build.0 = Release|Any CPU
		{A1123B9F-A6B2-4425-935D-C30F3B3D8DF5}.Debug|Any CPU.ActiveCfg = Debug|Any CPU
		{A1123B9F-A6B2-4425-935D-C30F3B3D8DF5}.Debug|Any CPU.Build.0 = Debug|Any CPU
		{A1123B9F-A6B2-4425-935D-C30F3B3D8DF5}.Debug|Mixed Platforms.ActiveCfg = Debug|Any CPU
		{A1123B9F-A6B2-4425-935D-C30F3B3D8DF5}.Debug|Mixed Platforms.Build.0 = Debug|Any CPU
		{A1123B9F-A6B2-4425-935D-C30F3B3D8DF5}.Debug|x86.ActiveCfg = Debug|Any CPU
		{A1123B9F-A6B2-4425-935D-C30F3B3D8DF5}.Debug|x86.Build.0 = Debug|Any CPU
		{A1123B9F-A6B2-4425-935D-C30F3B3D8DF5}.DVD-5|Any CPU.ActiveCfg = Debug|Any CPU
		{A1123B9F-A6B2-4425-935D-C30F3B3D8DF5}.DVD-5|Any CPU.Build.0 = Debug|Any CPU
		{A1123B9F-A6B2-4425-935D-C30F3B3D8DF5}.DVD-5|Mixed Platforms.ActiveCfg = Debug|Any CPU
		{A1123B9F-A6B2-4425-935D-C30F3B3D8DF5}.DVD-5|Mixed Platforms.Build.0 = Debug|Any CPU
		{A1123B9F-A6B2-4425-935D-C30F3B3D8DF5}.DVD-5|x86.ActiveCfg = Debug|Any CPU
		{A1123B9F-A6B2-4425-935D-C30F3B3D8DF5}.DVD-5|x86.Build.0 = Debug|Any CPU
		{A1123B9F-A6B2-4425-935D-C30F3B3D8DF5}.Release|Any CPU.ActiveCfg = Release|Any CPU
		{A1123B9F-A6B2-4425-935D-C30F3B3D8DF5}.Release|Any CPU.Build.0 = Release|Any CPU
		{A1123B9F-A6B2-4425-935D-C30F3B3D8DF5}.Release|Mixed Platforms.ActiveCfg = Release|Any CPU
		{A1123B9F-A6B2-4425-935D-C30F3B3D8DF5}.Release|Mixed Platforms.Build.0 = Release|Any CPU
		{A1123B9F-A6B2-4425-935D-C30F3B3D8DF5}.Release|x86.ActiveCfg = Release|Any CPU
		{A1123B9F-A6B2-4425-935D-C30F3B3D8DF5}.Release|x86.Build.0 = Release|Any CPU
		{A1123B9F-A6B2-4425-935D-C30F3B3D8DF5}.SingleImage|Any CPU.ActiveCfg = Release|Any CPU
		{A1123B9F-A6B2-4425-935D-C30F3B3D8DF5}.SingleImage|Any CPU.Build.0 = Release|Any CPU
		{A1123B9F-A6B2-4425-935D-C30F3B3D8DF5}.SingleImage|Mixed Platforms.ActiveCfg = Release|Any CPU
		{A1123B9F-A6B2-4425-935D-C30F3B3D8DF5}.SingleImage|Mixed Platforms.Build.0 = Release|Any CPU
		{A1123B9F-A6B2-4425-935D-C30F3B3D8DF5}.SingleImage|x86.ActiveCfg = Release|Any CPU
		{A1123B9F-A6B2-4425-935D-C30F3B3D8DF5}.SingleImage|x86.Build.0 = Release|Any CPU
	EndGlobalSection
	GlobalSection(SolutionProperties) = preSolution
		HideSolutionNode = FALSE
	EndGlobalSection
EndGlobal
